// !$*UTF8*$!
{
	archiveVersion = 1;
	classes = {
	};
	objectVersion = 56;
	objects = {

/* Begin PBXBuildFile section */
		6F791F612BEDF6040025528A /* BasketView.swift in Sources */ = {isa = PBXBuildFile; fileRef = 6F791F602BEDF6040025528A /* BasketView.swift */; };
		6F791F7F2BEE326A0025528A /* FilterViewModel.swift in Sources */ = {isa = PBXBuildFile; fileRef = 6F791F7E2BEE326A0025528A /* FilterViewModel.swift */; };
		6FC4C9742BF1CA1E00895712 /* PaymentView.swift in Sources */ = {isa = PBXBuildFile; fileRef = 6FC4C9732BF1CA1E00895712 /* PaymentView.swift */; };
		6FC4C99A2BF2340700895712 /* GetStartedPage.swift in Sources */ = {isa = PBXBuildFile; fileRef = 6FC4C9992BF2340700895712 /* GetStartedPage.swift */; };
		6FC4C99C2BF2342500895712 /* Colors.xcassets in Resources */ = {isa = PBXBuildFile; fileRef = 6FC4C99B2BF2342500895712 /* Colors.xcassets */; };
		6FC4C9A42BF234F100895712 /* VerificationView.swift in Sources */ = {isa = PBXBuildFile; fileRef = 6FC4C9A12BF234F100895712 /* VerificationView.swift */; };
		6FC4C9AD2BF2356200895712 /* Furniture.swift in Sources */ = {isa = PBXBuildFile; fileRef = 6FC4C9A52BF2356200895712 /* Furniture.swift */; };
		6FC4C9AE2BF2356200895712 /* ProductDetails.swift in Sources */ = {isa = PBXBuildFile; fileRef = 6FC4C9A72BF2356200895712 /* ProductDetails.swift */; };
		6FC4C9AF2BF2356200895712 /* DetailViewModel.swift in Sources */ = {isa = PBXBuildFile; fileRef = 6FC4C9A92BF2356200895712 /* DetailViewModel.swift */; };
		6FC4C9B02BF2356200895712 /* TextFieldModifier.swift in Sources */ = {isa = PBXBuildFile; fileRef = 6FC4C9AB2BF2356200895712 /* TextFieldModifier.swift */; };
		6FC4C9B62BF235E500895712 /* LoginView.swift in Sources */ = {isa = PBXBuildFile; fileRef = 6FC4C9B12BF235E500895712 /* LoginView.swift */; };
		6FC4C9B72BF235E500895712 /* LoginViewModel.swift in Sources */ = {isa = PBXBuildFile; fileRef = 6FC4C9B32BF235E500895712 /* LoginViewModel.swift */; };
		6FC4C9B82BF2360200895712 /* MainTabBarView.swift in Sources */ = {isa = PBXBuildFile; fileRef = 6F791F5D2BEDF4AD0025528A /* MainTabBarView.swift */; };
		6FC4C9BD2BF2383B00895712 /* Assets.xcassets in Resources */ = {isa = PBXBuildFile; fileRef = 6FC4C9BC2BF2383B00895712 /* Assets.xcassets */; };
		6FC4C9C22BF2389900895712 /* Preview Assets.xcassets in Resources */ = {isa = PBXBuildFile; fileRef = 6FC4C9C02BF2389900895712 /* Preview Assets.xcassets */; };
		6FC4C9CB2BF2396800895712 /* Category.swift in Sources */ = {isa = PBXBuildFile; fileRef = 6FC4C9C32BF2396800895712 /* Category.swift */; };
		6FC4C9CC2BF2396800895712 /* Color.swift in Sources */ = {isa = PBXBuildFile; fileRef = 6FC4C9C42BF2396800895712 /* Color.swift */; };
		6FC4C9CD2BF2396800895712 /* FilterView.swift in Sources */ = {isa = PBXBuildFile; fileRef = 6FC4C9C62BF2396800895712 /* FilterView.swift */; };
		6FC4C9CE2BF2396800895712 /* FilterViewModel.swift in Sources */ = {isa = PBXBuildFile; fileRef = 6FC4C9C82BF2396800895712 /* FilterViewModel.swift */; };
		6FC4C9D62BF2399900895712 /* Setting.swift in Sources */ = {isa = PBXBuildFile; fileRef = 6FC4C9CF2BF2399900895712 /* Setting.swift */; };
		6FC4C9D72BF2399900895712 /* ProfileViewModel.swift in Sources */ = {isa = PBXBuildFile; fileRef = 6FC4C9D12BF2399900895712 /* ProfileViewModel.swift */; };
		6FC4C9D82BF2399900895712 /* ProfileView.swift in Sources */ = {isa = PBXBuildFile; fileRef = 6FC4C9D32BF2399900895712 /* ProfileView.swift */; };
		6FC4C9E02BF239A900895712 /* Product.swift in Sources */ = {isa = PBXBuildFile; fileRef = 6FC4C9D92BF239A900895712 /* Product.swift */; };
		6FC4C9E12BF239A900895712 /* ProductViewModel.swift in Sources */ = {isa = PBXBuildFile; fileRef = 6FC4C9DB2BF239A900895712 /* ProductViewModel.swift */; };
		6FC4C9E22BF239A900895712 /* ProductView.swift in Sources */ = {isa = PBXBuildFile; fileRef = 6FC4C9DD2BF239A900895712 /* ProductView.swift */; };
		6FC4C9E72BF23A2900895712 /* Product.swift in Sources */ = {isa = PBXBuildFile; fileRef = 6FC4C9E32BF23A2800895712 /* Product.swift */; };
		6FC4C9E82BF23A2900895712 /* ProductView.swift in Sources */ = {isa = PBXBuildFile; fileRef = 6FC4C9E52BF23A2800895712 /* ProductView.swift */; };
		6FC4C9E92BF23A2900895712 /* ProductViewModel.swift in Sources */ = {isa = PBXBuildFile; fileRef = 6FC4C9E62BF23A2900895712 /* ProductViewModel.swift */; };
		6FD60D5D2BE8E4D8007BB73D /* Store169App.swift in Sources */ = {isa = PBXBuildFile; fileRef = 6FD60D5C2BE8E4D8007BB73D /* Store169App.swift */; };
/* End PBXBuildFile section */

/* Begin PBXFileReference section */
		6F791F5D2BEDF4AD0025528A /* MainTabBarView.swift */ = {isa = PBXFileReference; lastKnownFileType = sourcecode.swift; path = MainTabBarView.swift; sourceTree = "<group>"; };
		6F791F602BEDF6040025528A /* BasketView.swift */ = {isa = PBXFileReference; lastKnownFileType = sourcecode.swift; path = BasketView.swift; sourceTree = "<group>"; };
		6F791F632BEDF61A0025528A /* ProfileView.swift */ = {isa = PBXFileReference; lastKnownFileType = sourcecode.swift; path = ProfileView.swift; sourceTree = "<group>"; };
		6F791F6B2BEDFB550025528A /* Setting.swift */ = {isa = PBXFileReference; lastKnownFileType = sourcecode.swift; path = Setting.swift; sourceTree = "<group>"; };
		6F791F6D2BEDFBC30025528A /* ProfileViewModel.swift */ = {isa = PBXFileReference; lastKnownFileType = sourcecode.swift; path = ProfileViewModel.swift; sourceTree = "<group>"; };
		6F791F772BEE20AF0025528A /* FilterView.swift */ = {isa = PBXFileReference; lastKnownFileType = sourcecode.swift; path = FilterView.swift; sourceTree = "<group>"; };
		6F791F7A2BEE31E60025528A /* Color.swift */ = {isa = PBXFileReference; lastKnownFileType = sourcecode.swift; path = Color.swift; sourceTree = "<group>"; };
		6F791F7E2BEE326A0025528A /* FilterViewModel.swift */ = {isa = PBXFileReference; lastKnownFileType = sourcecode.swift; path = FilterViewModel.swift; sourceTree = "<group>"; };
		6F791F802BEE340B0025528A /* Category.swift */ = {isa = PBXFileReference; lastKnownFileType = sourcecode.swift; path = Category.swift; sourceTree = "<group>"; };
		6FC4C9732BF1CA1E00895712 /* PaymentView.swift */ = {isa = PBXFileReference; lastKnownFileType = sourcecode.swift; path = PaymentView.swift; sourceTree = "<group>"; };
		6FC4C9992BF2340700895712 /* GetStartedPage.swift */ = {isa = PBXFileReference; fileEncoding = 4; lastKnownFileType = sourcecode.swift; name = GetStartedPage.swift; path = Store169/GetStartedPage.swift; sourceTree = SOURCE_ROOT; };
		6FC4C99B2BF2342500895712 /* Colors.xcassets */ = {isa = PBXFileReference; lastKnownFileType = folder.assetcatalog; path = Colors.xcassets; sourceTree = "<group>"; };
		6FC4C9A12BF234F100895712 /* VerificationView.swift */ = {isa = PBXFileReference; fileEncoding = 4; lastKnownFileType = sourcecode.swift; path = VerificationView.swift; sourceTree = "<group>"; };
		6FC4C9A52BF2356200895712 /* Furniture.swift */ = {isa = PBXFileReference; fileEncoding = 4; lastKnownFileType = sourcecode.swift; path = Furniture.swift; sourceTree = "<group>"; };
		6FC4C9A72BF2356200895712 /* ProductDetails.swift */ = {isa = PBXFileReference; fileEncoding = 4; lastKnownFileType = sourcecode.swift; path = ProductDetails.swift; sourceTree = "<group>"; };
		6FC4C9A92BF2356200895712 /* DetailViewModel.swift */ = {isa = PBXFileReference; fileEncoding = 4; lastKnownFileType = sourcecode.swift; path = DetailViewModel.swift; sourceTree = "<group>"; };
		6FC4C9AB2BF2356200895712 /* TextFieldModifier.swift */ = {isa = PBXFileReference; fileEncoding = 4; lastKnownFileType = sourcecode.swift; path = TextFieldModifier.swift; sourceTree = "<group>"; };
		6FC4C9B12BF235E500895712 /* LoginView.swift */ = {isa = PBXFileReference; fileEncoding = 4; lastKnownFileType = sourcecode.swift; path = LoginView.swift; sourceTree = "<group>"; };
		6FC4C9B32BF235E500895712 /* LoginViewModel.swift */ = {isa = PBXFileReference; fileEncoding = 4; lastKnownFileType = sourcecode.swift; path = LoginViewModel.swift; sourceTree = "<group>"; };
		6FC4C9BC2BF2383B00895712 /* Assets.xcassets */ = {isa = PBXFileReference; lastKnownFileType = folder.assetcatalog; path = Assets.xcassets; sourceTree = "<group>"; };
		6FC4C9C02BF2389900895712 /* Preview Assets.xcassets */ = {isa = PBXFileReference; lastKnownFileType = folder.assetcatalog; path = "Preview Assets.xcassets"; sourceTree = "<group>"; };
		6FC4C9C32BF2396800895712 /* Category.swift */ = {isa = PBXFileReference; fileEncoding = 4; lastKnownFileType = sourcecode.swift; path = Category.swift; sourceTree = "<group>"; };
		6FC4C9C42BF2396800895712 /* Color.swift */ = {isa = PBXFileReference; fileEncoding = 4; lastKnownFileType = sourcecode.swift; path = Color.swift; sourceTree = "<group>"; };
		6FC4C9C62BF2396800895712 /* FilterView.swift */ = {isa = PBXFileReference; fileEncoding = 4; lastKnownFileType = sourcecode.swift; path = FilterView.swift; sourceTree = "<group>"; };
		6FC4C9C82BF2396800895712 /* FilterViewModel.swift */ = {isa = PBXFileReference; fileEncoding = 4; lastKnownFileType = sourcecode.swift; path = FilterViewModel.swift; sourceTree = "<group>"; };
		6FC4C9CF2BF2399900895712 /* Setting.swift */ = {isa = PBXFileReference; fileEncoding = 4; lastKnownFileType = sourcecode.swift; path = Setting.swift; sourceTree = "<group>"; };
		6FC4C9D12BF2399900895712 /* ProfileViewModel.swift */ = {isa = PBXFileReference; fileEncoding = 4; lastKnownFileType = sourcecode.swift; path = ProfileViewModel.swift; sourceTree = "<group>"; };
		6FC4C9D32BF2399900895712 /* ProfileView.swift */ = {isa = PBXFileReference; fileEncoding = 4; lastKnownFileType = sourcecode.swift; path = ProfileView.swift; sourceTree = "<group>"; };
		6FC4C9D92BF239A900895712 /* Product.swift */ = {isa = PBXFileReference; fileEncoding = 4; lastKnownFileType = sourcecode.swift; path = Product.swift; sourceTree = "<group>"; };
		6FC4C9DB2BF239A900895712 /* ProductViewModel.swift */ = {isa = PBXFileReference; fileEncoding = 4; lastKnownFileType = sourcecode.swift; path = ProductViewModel.swift; sourceTree = "<group>"; };
		6FC4C9DD2BF239A900895712 /* ProductView.swift */ = {isa = PBXFileReference; fileEncoding = 4; lastKnownFileType = sourcecode.swift; path = ProductView.swift; sourceTree = "<group>"; };
		6FC4C9E32BF23A2800895712 /* Product.swift */ = {isa = PBXFileReference; fileEncoding = 4; lastKnownFileType = sourcecode.swift; path = Product.swift; sourceTree = "<group>"; };
		6FC4C9E52BF23A2800895712 /* ProductView.swift */ = {isa = PBXFileReference; fileEncoding = 4; lastKnownFileType = sourcecode.swift; path = ProductView.swift; sourceTree = "<group>"; };
		6FC4C9E62BF23A2900895712 /* ProductViewModel.swift */ = {isa = PBXFileReference; fileEncoding = 4; lastKnownFileType = sourcecode.swift; path = ProductViewModel.swift; sourceTree = "<group>"; };
		6FD60D592BE8E4D8007BB73D /* Store169.app */ = {isa = PBXFileReference; explicitFileType = wrapper.application; includeInIndex = 0; path = Store169.app; sourceTree = BUILT_PRODUCTS_DIR; };
		6FD60D5C2BE8E4D8007BB73D /* Store169App.swift */ = {isa = PBXFileReference; lastKnownFileType = sourcecode.swift; path = Store169App.swift; sourceTree = "<group>"; };
/* End PBXFileReference section */

/* Begin PBXFrameworksBuildPhase section */
		6FD60D562BE8E4D8007BB73D /* Frameworks */ = {
			isa = PBXFrameworksBuildPhase;
			buildActionMask = 2147483647;
			files = (
			);
			runOnlyForDeploymentPostprocessing = 0;
		};
/* End PBXFrameworksBuildPhase section */

/* Begin PBXGroup section */
		6F791F5C2BEDF48C0025528A /* MainView */ = {
			isa = PBXGroup;
			children = (
				6FC4C9E32BF23A2800895712 /* Product.swift */,
				6FC4C9E42BF23A2800895712 /* ProductView */,
				6FC4C9E52BF23A2800895712 /* ProductView.swift */,
				6FC4C9E62BF23A2900895712 /* ProductViewModel.swift */,
				6FC4C9A32BF234F100895712 /* VerificationModule */,
				6FC4C9AC2BF2356200895712 /* DetailModule */,
				6F791F622BEDF6090025528A /* ProfileView */,
				6F791F5F2BEDF5F10025528A /* BasketView */,
			);
			path = MainView;
			sourceTree = "<group>";
		};
		6F791F5F2BEDF5F10025528A /* BasketView */ = {
			isa = PBXGroup;
			children = (
				6F791F602BEDF6040025528A /* BasketView.swift */,
			);
			path = BasketView;
			sourceTree = "<group>";
		};
		6F791F622BEDF6090025528A /* ProfileView */ = {
			isa = PBXGroup;
			children = (
				6F791F6A2BEDFA8E0025528A /* Model */,
				6F791F692BEDFA880025528A /* View */,
				6F791F682BEDFA7B0025528A /* ModelView */,
			);
			path = ProfileView;
			sourceTree = "<group>";
		};
		6F791F682BEDFA7B0025528A /* ModelView */ = {
			isa = PBXGroup;
			children = (
				6F791F6D2BEDFBC30025528A /* ProfileViewModel.swift */,
			);
			path = ModelView;
			sourceTree = "<group>";
		};
		6F791F692BEDFA880025528A /* View */ = {
			isa = PBXGroup;
			children = (
				6F791F632BEDF61A0025528A /* ProfileView.swift */,
			);
			path = View;
			sourceTree = "<group>";
		};
		6F791F6A2BEDFA8E0025528A /* Model */ = {
			isa = PBXGroup;
			children = (
				6F791F6B2BEDFB550025528A /* Setting.swift */,
			);
			path = Model;
			sourceTree = "<group>";
		};
		6F791F762BEE209E0025528A /* FilterView */ = {
			isa = PBXGroup;
			children = (
				6F791F792BEE31D70025528A /* Model */,
				6F791F7C2BEE32280025528A /* View */,
				6F791F7D2BEE323E0025528A /* ViewModel */,
			);
			path = FilterView;
			sourceTree = "<group>";
		};
		6F791F792BEE31D70025528A /* Model */ = {
			isa = PBXGroup;
			children = (
				6F791F7A2BEE31E60025528A /* Color.swift */,
				6FC4C9CA2BF2396800895712 /* FilterView */,
				6F791F802BEE340B0025528A /* Category.swift */,
			);
			path = Model;
			sourceTree = "<group>";
		};
		6F791F7C2BEE32280025528A /* View */ = {
			isa = PBXGroup;
			children = (
				6F791F772BEE20AF0025528A /* FilterView.swift */,
			);
			path = View;
			sourceTree = "<group>";
		};
		6F791F7D2BEE323E0025528A /* ViewModel */ = {
			isa = PBXGroup;
			children = (
				6F791F7E2BEE326A0025528A /* FilterViewModel.swift */,
			);
			path = ViewModel;
			sourceTree = "<group>";
		};
		6FC4C9712BF1C99E00895712 /* PaymentModule */ = {
			isa = PBXGroup;
			children = (
				6FC4C9722BF1C9AC00895712 /* View */,
			);
			path = PaymentModule;
			sourceTree = "<group>";
		};
		6FC4C9722BF1C9AC00895712 /* View */ = {
			isa = PBXGroup;
			children = (
				6FC4C9732BF1CA1E00895712 /* PaymentView.swift */,
			);
			path = View;
			sourceTree = "<group>";
		};
		6FC4C9A22BF234F100895712 /* View */ = {
			isa = PBXGroup;
			children = (
				6FC4C9A12BF234F100895712 /* VerificationView.swift */,
			);
			path = View;
			sourceTree = "<group>";
		};
		6FC4C9A32BF234F100895712 /* VerificationModule */ = {
			isa = PBXGroup;
			children = (
				6FC4C9A22BF234F100895712 /* View */,
			);
			path = VerificationModule;
			sourceTree = "<group>";
		};
		6FC4C9A62BF2356200895712 /* Model */ = {
			isa = PBXGroup;
			children = (
				6FC4C9A52BF2356200895712 /* Furniture.swift */,
			);
			path = Model;
			sourceTree = "<group>";
		};
		6FC4C9A82BF2356200895712 /* View */ = {
			isa = PBXGroup;
			children = (
				6FC4C9A72BF2356200895712 /* ProductDetails.swift */,
			);
			path = View;
			sourceTree = "<group>";
		};
		6FC4C9AA2BF2356200895712 /* ViewModel */ = {
			isa = PBXGroup;
			children = (
				6FC4C9A92BF2356200895712 /* DetailViewModel.swift */,
			);
			path = ViewModel;
			sourceTree = "<group>";
		};
		6FC4C9AC2BF2356200895712 /* DetailModule */ = {
			isa = PBXGroup;
			children = (
				6FC4C9A62BF2356200895712 /* Model */,
				6FC4C9A82BF2356200895712 /* View */,
				6FC4C9AA2BF2356200895712 /* ViewModel */,
				6FC4C9AB2BF2356200895712 /* TextFieldModifier.swift */,
			);
			name = DetailModule;
			path = Store169/MainView/DetailModule;
			sourceTree = SOURCE_ROOT;
		};
		6FC4C9B22BF235E500895712 /* View */ = {
			isa = PBXGroup;
			children = (
				6FC4C9B12BF235E500895712 /* LoginView.swift */,
			);
			path = View;
			sourceTree = "<group>";
		};
		6FC4C9B42BF235E500895712 /* ViewModel */ = {
			isa = PBXGroup;
			children = (
				6FC4C9B32BF235E500895712 /* LoginViewModel.swift */,
			);
			path = ViewModel;
			sourceTree = "<group>";
		};
		6FC4C9B52BF235E500895712 /* LoginModule */ = {
			isa = PBXGroup;
			children = (
				6FC4C9B22BF235E500895712 /* View */,
				6FC4C9B42BF235E500895712 /* ViewModel */,
			);
			path = LoginModule;
			sourceTree = "<group>";
		};
		6FC4C9C12BF2389900895712 /* Preview Content */ = {
			isa = PBXGroup;
			children = (
				6FC4C9C02BF2389900895712 /* Preview Assets.xcassets */,
			);
			path = "Preview Content";
			sourceTree = "<group>";
		};
		6FC4C9C52BF2396800895712 /* Model */ = {
			isa = PBXGroup;
			children = (
				6FC4C9C32BF2396800895712 /* Category.swift */,
				6FC4C9C42BF2396800895712 /* Color.swift */,
			);
			path = Model;
			sourceTree = "<group>";
		};
		6FC4C9C72BF2396800895712 /* View */ = {
			isa = PBXGroup;
			children = (
				6FC4C9C62BF2396800895712 /* FilterView.swift */,
			);
			path = View;
			sourceTree = "<group>";
		};
		6FC4C9C92BF2396800895712 /* ViewModel */ = {
			isa = PBXGroup;
			children = (
				6FC4C9C82BF2396800895712 /* FilterViewModel.swift */,
			);
			path = ViewModel;
			sourceTree = "<group>";
		};
		6FC4C9CA2BF2396800895712 /* FilterView */ = {
			isa = PBXGroup;
			children = (
				6FC4C9C52BF2396800895712 /* Model */,
				6FC4C9C72BF2396800895712 /* View */,
				6FC4C9C92BF2396800895712 /* ViewModel */,
			);
			name = FilterView;
			path = Store169/FilterView;
			sourceTree = SOURCE_ROOT;
		};
		6FC4C9D02BF2399900895712 /* Model */ = {
			isa = PBXGroup;
			children = (
				6FC4C9CF2BF2399900895712 /* Setting.swift */,
			);
			path = Model;
			sourceTree = "<group>";
		};
		6FC4C9D22BF2399900895712 /* ModelView */ = {
			isa = PBXGroup;
			children = (
				6FC4C9D12BF2399900895712 /* ProfileViewModel.swift */,
			);
			path = ModelView;
			sourceTree = "<group>";
		};
		6FC4C9D42BF2399900895712 /* View */ = {
			isa = PBXGroup;
			children = (
				6FC4C9D32BF2399900895712 /* ProfileView.swift */,
			);
			path = View;
			sourceTree = "<group>";
		};
		6FC4C9D52BF2399900895712 /* ProfileView */ = {
			isa = PBXGroup;
			children = (
				6FC4C9D02BF2399900895712 /* Model */,
				6FC4C9D22BF2399900895712 /* ModelView */,
				6FC4C9D42BF2399900895712 /* View */,
			);
			name = ProfileView;
			path = MainView/ProfileView;
			sourceTree = "<group>";
		};
		6FC4C9DA2BF239A900895712 /* Model */ = {
			isa = PBXGroup;
			children = (
				6FC4C9D92BF239A900895712 /* Product.swift */,
			);
			path = Model;
			sourceTree = "<group>";
		};
		6FC4C9DC2BF239A900895712 /* ModelView */ = {
			isa = PBXGroup;
			children = (
				6FC4C9DB2BF239A900895712 /* ProductViewModel.swift */,
			);
			path = ModelView;
			sourceTree = "<group>";
		};
		6FC4C9DE2BF239A900895712 /* View */ = {
			isa = PBXGroup;
			children = (
				6FC4C9DD2BF239A900895712 /* ProductView.swift */,
			);
			path = View;
			sourceTree = "<group>";
		};
		6FC4C9DF2BF239A900895712 /* ProductView */ = {
			isa = PBXGroup;
			children = (
				6FC4C9DA2BF239A900895712 /* Model */,
				6FC4C9DC2BF239A900895712 /* ModelView */,
				6FC4C9DE2BF239A900895712 /* View */,
			);
			name = ProductView;
			path = MainView/ProductView;
			sourceTree = "<group>";
		};
		6FC4C9E42BF23A2800895712 /* ProductView */ = {
			isa = PBXGroup;
			children = (
			);
			path = ProductView;
			sourceTree = "<group>";
		};
		6FD60D502BE8E4D8007BB73D = {
			isa = PBXGroup;
			children = (
				6FD60D5B2BE8E4D8007BB73D /* Store169 */,
				6FD60D5A2BE8E4D8007BB73D /* Products */,
			);
			sourceTree = "<group>";
		};
		6FD60D5A2BE8E4D8007BB73D /* Products */ = {
			isa = PBXGroup;
			children = (
				6FD60D592BE8E4D8007BB73D /* Store169.app */,
			);
			name = Products;
			sourceTree = "<group>";
		};
		6FD60D5B2BE8E4D8007BB73D /* Store169 */ = {
			isa = PBXGroup;
			children = (
				6FC4C9992BF2340700895712 /* GetStartedPage.swift */,
				6FD60D5C2BE8E4D8007BB73D /* Store169App.swift */,
				6F791F5D2BEDF4AD0025528A /* MainTabBarView.swift */,
				6FC4C9DF2BF239A900895712 /* ProductView */,
				6FC4C9D52BF2399900895712 /* ProfileView */,
				6FC4C9B52BF235E500895712 /* LoginModule */,
				6FC4C9712BF1C99E00895712 /* PaymentModule */,
				6F791F762BEE209E0025528A /* FilterView */,
				6F791F5C2BEDF48C0025528A /* MainView */,
				6FC4C99B2BF2342500895712 /* Colors.xcassets */,
				6FC4C9BC2BF2383B00895712 /* Assets.xcassets */,
				6FC4C9C12BF2389900895712 /* Preview Content */,
			);
			path = Store169;
			sourceTree = "<group>";
		};
/* End PBXGroup section */

/* Begin PBXNativeTarget section */
		6FD60D582BE8E4D8007BB73D /* Store169 */ = {
			isa = PBXNativeTarget;
			buildConfigurationList = 6FD60D672BE8E4DA007BB73D /* Build configuration list for PBXNativeTarget "Store169" */;
			buildPhases = (
				6FD60D552BE8E4D8007BB73D /* Sources */,
				6FD60D562BE8E4D8007BB73D /* Frameworks */,
				6FD60D572BE8E4D8007BB73D /* Resources */,
			);
			buildRules = (
			);
			dependencies = (
			);
			name = Store169;
			productName = Store169;
			productReference = 6FD60D592BE8E4D8007BB73D /* Store169.app */;
			productType = "com.apple.product-type.application";
		};
/* End PBXNativeTarget section */

/* Begin PBXProject section */
		6FD60D512BE8E4D8007BB73D /* Project object */ = {
			isa = PBXProject;
			attributes = {
				BuildIndependentTargetsInParallel = 1;
				LastSwiftUpdateCheck = 1530;
				LastUpgradeCheck = 1530;
				TargetAttributes = {
					6FD60D582BE8E4D8007BB73D = {
						CreatedOnToolsVersion = 15.3;
					};
				};
			};
			buildConfigurationList = 6FD60D542BE8E4D8007BB73D /* Build configuration list for PBXProject "Store169" */;
			compatibilityVersion = "Xcode 14.0";
			developmentRegion = en;
			hasScannedForEncodings = 0;
			knownRegions = (
				en,
				Base,
			);
			mainGroup = 6FD60D502BE8E4D8007BB73D;
			productRefGroup = 6FD60D5A2BE8E4D8007BB73D /* Products */;
			projectDirPath = "";
			projectRoot = "";
			targets = (
				6FD60D582BE8E4D8007BB73D /* Store169 */,
			);
		};
/* End PBXProject section */

/* Begin PBXResourcesBuildPhase section */
		6FD60D572BE8E4D8007BB73D /* Resources */ = {
			isa = PBXResourcesBuildPhase;
			buildActionMask = 2147483647;
			files = (
				6FC4C9BD2BF2383B00895712 /* Assets.xcassets in Resources */,
				6FC4C9C22BF2389900895712 /* Preview Assets.xcassets in Resources */,
				6FC4C99C2BF2342500895712 /* Colors.xcassets in Resources */,
			);
			runOnlyForDeploymentPostprocessing = 0;
		};
/* End PBXResourcesBuildPhase section */

/* Begin PBXSourcesBuildPhase section */
		6FD60D552BE8E4D8007BB73D /* Sources */ = {
			isa = PBXSourcesBuildPhase;
			buildActionMask = 2147483647;
			files = (
				6FC4C9E82BF23A2900895712 /* ProductView.swift in Sources */,
				6FC4C9E12BF239A900895712 /* ProductViewModel.swift in Sources */,
				6FC4C9AE2BF2356200895712 /* ProductDetails.swift in Sources */,
				6FC4C9742BF1CA1E00895712 /* PaymentView.swift in Sources */,
				6FC4C9AF2BF2356200895712 /* DetailViewModel.swift in Sources */,
				6F791F612BEDF6040025528A /* BasketView.swift in Sources */,
				6FC4C9E02BF239A900895712 /* Product.swift in Sources */,
				6FC4C9CC2BF2396800895712 /* Color.swift in Sources */,
				6F791F7F2BEE326A0025528A /* FilterViewModel.swift in Sources */,
				6FC4C9B62BF235E500895712 /* LoginView.swift in Sources */,
				6FD60D5D2BE8E4D8007BB73D /* Store169App.swift in Sources */,
				6FC4C9B72BF235E500895712 /* LoginViewModel.swift in Sources */,
				6FC4C9CE2BF2396800895712 /* FilterViewModel.swift in Sources */,
				6FC4C9CD2BF2396800895712 /* FilterView.swift in Sources */,
				6FC4C9B82BF2360200895712 /* MainTabBarView.swift in Sources */,
				6FC4C99A2BF2340700895712 /* GetStartedPage.swift in Sources */,
				6FC4C9E22BF239A900895712 /* ProductView.swift in Sources */,
				6FC4C9D72BF2399900895712 /* ProfileViewModel.swift in Sources */,
				6FC4C9E92BF23A2900895712 /* ProductViewModel.swift in Sources */,
				6FC4C9E72BF23A2900895712 /* Product.swift in Sources */,
				6FC4C9CB2BF2396800895712 /* Category.swift in Sources */,
				6FC4C9AD2BF2356200895712 /* Furniture.swift in Sources */,
				6FC4C9D62BF2399900895712 /* Setting.swift in Sources */,
				6FC4C9B02BF2356200895712 /* TextFieldModifier.swift in Sources */,
				6FC4C9D82BF2399900895712 /* ProfileView.swift in Sources */,
				6FC4C9A42BF234F100895712 /* VerificationView.swift in Sources */,
			);
			runOnlyForDeploymentPostprocessing = 0;
		};
/* End PBXSourcesBuildPhase section */

/* Begin XCBuildConfiguration section */
		6FD60D652BE8E4DA007BB73D /* Debug */ = {
			isa = XCBuildConfiguration;
			buildSettings = {
				ALWAYS_SEARCH_USER_PATHS = NO;
				ASSETCATALOG_COMPILER_GENERATE_SWIFT_ASSET_SYMBOL_EXTENSIONS = YES;
				CLANG_ANALYZER_NONNULL = YES;
				CLANG_ANALYZER_NUMBER_OBJECT_CONVERSION = YES_AGGRESSIVE;
				CLANG_CXX_LANGUAGE_STANDARD = "gnu++20";
				CLANG_ENABLE_MODULES = YES;
				CLANG_ENABLE_OBJC_ARC = YES;
				CLANG_ENABLE_OBJC_WEAK = YES;
				CLANG_WARN_BLOCK_CAPTURE_AUTORELEASING = YES;
				CLANG_WARN_BOOL_CONVERSION = YES;
				CLANG_WARN_COMMA = YES;
				CLANG_WARN_CONSTANT_CONVERSION = YES;
				CLANG_WARN_DEPRECATED_OBJC_IMPLEMENTATIONS = YES;
				CLANG_WARN_DIRECT_OBJC_ISA_USAGE = YES_ERROR;
				CLANG_WARN_DOCUMENTATION_COMMENTS = YES;
				CLANG_WARN_EMPTY_BODY = YES;
				CLANG_WARN_ENUM_CONVERSION = YES;
				CLANG_WARN_INFINITE_RECURSION = YES;
				CLANG_WARN_INT_CONVERSION = YES;
				CLANG_WARN_NON_LITERAL_NULL_CONVERSION = YES;
				CLANG_WARN_OBJC_IMPLICIT_RETAIN_SELF = YES;
				CLANG_WARN_OBJC_LITERAL_CONVERSION = YES;
				CLANG_WARN_OBJC_ROOT_CLASS = YES_ERROR;
				CLANG_WARN_QUOTED_INCLUDE_IN_FRAMEWORK_HEADER = YES;
				CLANG_WARN_RANGE_LOOP_ANALYSIS = YES;
				CLANG_WARN_STRICT_PROTOTYPES = YES;
				CLANG_WARN_SUSPICIOUS_MOVE = YES;
				CLANG_WARN_UNGUARDED_AVAILABILITY = YES_AGGRESSIVE;
				CLANG_WARN_UNREACHABLE_CODE = YES;
				CLANG_WARN__DUPLICATE_METHOD_MATCH = YES;
				COPY_PHASE_STRIP = NO;
				DEBUG_INFORMATION_FORMAT = dwarf;
				ENABLE_STRICT_OBJC_MSGSEND = YES;
				ENABLE_TESTABILITY = YES;
				ENABLE_USER_SCRIPT_SANDBOXING = YES;
				GCC_C_LANGUAGE_STANDARD = gnu17;
				GCC_DYNAMIC_NO_PIC = NO;
				GCC_NO_COMMON_BLOCKS = YES;
				GCC_OPTIMIZATION_LEVEL = 0;
				GCC_PREPROCESSOR_DEFINITIONS = (
					"DEBUG=1",
					"$(inherited)",
				);
				GCC_WARN_64_TO_32_BIT_CONVERSION = YES;
				GCC_WARN_ABOUT_RETURN_TYPE = YES_ERROR;
				GCC_WARN_UNDECLARED_SELECTOR = YES;
				GCC_WARN_UNINITIALIZED_AUTOS = YES_AGGRESSIVE;
				GCC_WARN_UNUSED_FUNCTION = YES;
				GCC_WARN_UNUSED_VARIABLE = YES;
				IPHONEOS_DEPLOYMENT_TARGET = 17.4;
				LOCALIZATION_PREFERS_STRING_CATALOGS = YES;
				MTL_ENABLE_DEBUG_INFO = INCLUDE_SOURCE;
				MTL_FAST_MATH = YES;
				ONLY_ACTIVE_ARCH = YES;
				SDKROOT = iphoneos;
				SWIFT_ACTIVE_COMPILATION_CONDITIONS = "DEBUG $(inherited)";
				SWIFT_OPTIMIZATION_LEVEL = "-Onone";
			};
			name = Debug;
		};
		6FD60D662BE8E4DA007BB73D /* Release */ = {
			isa = XCBuildConfiguration;
			buildSettings = {
				ALWAYS_SEARCH_USER_PATHS = NO;
				ASSETCATALOG_COMPILER_GENERATE_SWIFT_ASSET_SYMBOL_EXTENSIONS = YES;
				CLANG_ANALYZER_NONNULL = YES;
				CLANG_ANALYZER_NUMBER_OBJECT_CONVERSION = YES_AGGRESSIVE;
				CLANG_CXX_LANGUAGE_STANDARD = "gnu++20";
				CLANG_ENABLE_MODULES = YES;
				CLANG_ENABLE_OBJC_ARC = YES;
				CLANG_ENABLE_OBJC_WEAK = YES;
				CLANG_WARN_BLOCK_CAPTURE_AUTORELEASING = YES;
				CLANG_WARN_BOOL_CONVERSION = YES;
				CLANG_WARN_COMMA = YES;
				CLANG_WARN_CONSTANT_CONVERSION = YES;
				CLANG_WARN_DEPRECATED_OBJC_IMPLEMENTATIONS = YES;
				CLANG_WARN_DIRECT_OBJC_ISA_USAGE = YES_ERROR;
				CLANG_WARN_DOCUMENTATION_COMMENTS = YES;
				CLANG_WARN_EMPTY_BODY = YES;
				CLANG_WARN_ENUM_CONVERSION = YES;
				CLANG_WARN_INFINITE_RECURSION = YES;
				CLANG_WARN_INT_CONVERSION = YES;
				CLANG_WARN_NON_LITERAL_NULL_CONVERSION = YES;
				CLANG_WARN_OBJC_IMPLICIT_RETAIN_SELF = YES;
				CLANG_WARN_OBJC_LITERAL_CONVERSION = YES;
				CLANG_WARN_OBJC_ROOT_CLASS = YES_ERROR;
				CLANG_WARN_QUOTED_INCLUDE_IN_FRAMEWORK_HEADER = YES;
				CLANG_WARN_RANGE_LOOP_ANALYSIS = YES;
				CLANG_WARN_STRICT_PROTOTYPES = YES;
				CLANG_WARN_SUSPICIOUS_MOVE = YES;
				CLANG_WARN_UNGUARDED_AVAILABILITY = YES_AGGRESSIVE;
				CLANG_WARN_UNREACHABLE_CODE = YES;
				CLANG_WARN__DUPLICATE_METHOD_MATCH = YES;
				COPY_PHASE_STRIP = NO;
				DEBUG_INFORMATION_FORMAT = "dwarf-with-dsym";
				ENABLE_NS_ASSERTIONS = NO;
				ENABLE_STRICT_OBJC_MSGSEND = YES;
				ENABLE_USER_SCRIPT_SANDBOXING = YES;
				GCC_C_LANGUAGE_STANDARD = gnu17;
				GCC_NO_COMMON_BLOCKS = YES;
				GCC_WARN_64_TO_32_BIT_CONVERSION = YES;
				GCC_WARN_ABOUT_RETURN_TYPE = YES_ERROR;
				GCC_WARN_UNDECLARED_SELECTOR = YES;
				GCC_WARN_UNINITIALIZED_AUTOS = YES_AGGRESSIVE;
				GCC_WARN_UNUSED_FUNCTION = YES;
				GCC_WARN_UNUSED_VARIABLE = YES;
				IPHONEOS_DEPLOYMENT_TARGET = 17.4;
				LOCALIZATION_PREFERS_STRING_CATALOGS = YES;
				MTL_ENABLE_DEBUG_INFO = NO;
				MTL_FAST_MATH = YES;
				SDKROOT = iphoneos;
				SWIFT_COMPILATION_MODE = wholemodule;
				VALIDATE_PRODUCT = YES;
			};
			name = Release;
		};
		6FD60D682BE8E4DA007BB73D /* Debug */ = {
			isa = XCBuildConfiguration;
			buildSettings = {
				ASSETCATALOG_COMPILER_APPICON_NAME = AppIcon;
				ASSETCATALOG_COMPILER_GLOBAL_ACCENT_COLOR_NAME = AccentColor;
				CODE_SIGN_STYLE = Automatic;
				CURRENT_PROJECT_VERSION = 1;
				DEVELOPMENT_ASSET_PATHS = "\"Store169/Preview Content\"";
				ENABLE_PREVIEWS = YES;
				GENERATE_INFOPLIST_FILE = YES;
				INFOPLIST_KEY_UIApplicationSceneManifest_Generation = YES;
				INFOPLIST_KEY_UIApplicationSupportsIndirectInputEvents = YES;
				INFOPLIST_KEY_UILaunchScreen_Generation = YES;
				INFOPLIST_KEY_UISupportedInterfaceOrientations_iPad = "UIInterfaceOrientationPortrait UIInterfaceOrientationPortraitUpsideDown UIInterfaceOrientationLandscapeLeft UIInterfaceOrientationLandscapeRight";
				INFOPLIST_KEY_UISupportedInterfaceOrientations_iPhone = "UIInterfaceOrientationPortrait UIInterfaceOrientationLandscapeLeft UIInterfaceOrientationLandscapeRight";
				LD_RUNPATH_SEARCH_PATHS = (
					"$(inherited)",
					"@executable_path/Frameworks",
				);
				MARKETING_VERSION = 1.0;
				PRODUCT_BUNDLE_IDENTIFIER = com.omak.Store169;
				PRODUCT_NAME = "$(TARGET_NAME)";
				SWIFT_EMIT_LOC_STRINGS = YES;
				SWIFT_VERSION = 5.0;
				TARGETED_DEVICE_FAMILY = "1,2";
			};
			name = Debug;
		};
		6FD60D692BE8E4DA007BB73D /* Release */ = {
			isa = XCBuildConfiguration;
			buildSettings = {
				ASSETCATALOG_COMPILER_APPICON_NAME = AppIcon;
				ASSETCATALOG_COMPILER_GLOBAL_ACCENT_COLOR_NAME = AccentColor;
				CODE_SIGN_STYLE = Automatic;
				CURRENT_PROJECT_VERSION = 1;
				DEVELOPMENT_ASSET_PATHS = "\"Store169/Preview Content\"";
				ENABLE_PREVIEWS = YES;
				GENERATE_INFOPLIST_FILE = YES;
				INFOPLIST_KEY_UIApplicationSceneManifest_Generation = YES;
				INFOPLIST_KEY_UIApplicationSupportsIndirectInputEvents = YES;
				INFOPLIST_KEY_UILaunchScreen_Generation = YES;
				INFOPLIST_KEY_UISupportedInterfaceOrientations_iPad = "UIInterfaceOrientationPortrait UIInterfaceOrientationPortraitUpsideDown UIInterfaceOrientationLandscapeLeft UIInterfaceOrientationLandscapeRight";
				INFOPLIST_KEY_UISupportedInterfaceOrientations_iPhone = "UIInterfaceOrientationPortrait UIInterfaceOrientationLandscapeLeft UIInterfaceOrientationLandscapeRight";
				LD_RUNPATH_SEARCH_PATHS = (
					"$(inherited)",
					"@executable_path/Frameworks",
				);
				MARKETING_VERSION = 1.0;
				PRODUCT_BUNDLE_IDENTIFIER = com.omak.Store169;
				PRODUCT_NAME = "$(TARGET_NAME)";
				SWIFT_EMIT_LOC_STRINGS = YES;
				SWIFT_VERSION = 5.0;
				TARGETED_DEVICE_FAMILY = "1,2";
			};
			name = Release;
		};
/* End XCBuildConfiguration section */

/* Begin XCConfigurationList section */
		6FD60D542BE8E4D8007BB73D /* Build configuration list for PBXProject "Store169" */ = {
			isa = XCConfigurationList;
			buildConfigurations = (
				6FD60D652BE8E4DA007BB73D /* Debug */,
				6FD60D662BE8E4DA007BB73D /* Release */,
			);
			defaultConfigurationIsVisible = 0;
			defaultConfigurationName = Release;
		};
		6FD60D672BE8E4DA007BB73D /* Build configuration list for PBXNativeTarget "Store169" */ = {
			isa = XCConfigurationList;
			buildConfigurations = (
				6FD60D682BE8E4DA007BB73D /* Debug */,
				6FD60D692BE8E4DA007BB73D /* Release */,
			);
			defaultConfigurationIsVisible = 0;
			defaultConfigurationName = Release;
		};
/* End XCConfigurationList section */
	};
	rootObject = 6FD60D512BE8E4D8007BB73D /* Project object */;
}
